
Microsoft Visual Studio Solution File, Format Version 12.00
# Visual Studio Version 16
VisualStudioVersion = 16.0.28803.352
MinimumVisualStudioVersion = 10.0.40219.1
Project("{FAE04EC0-301F-11D3-BF4B-00C04F79EFBC}") = "cipherApp", "cipherApp\cipherApp.csproj", "{CFB84BEB-5902-4ACB-BFFC-6F2B48D5AE47}"
EndProject
Global
	GlobalSection(SolutionConfigurationPlatforms) = preSolution
		Debug|Any CPU = Debug|Any CPU
		Release|Any CPU = Release|Any CPU
	EndGlobalSection
	GlobalSection(ProjectConfigurationPlatforms) = postSolution
		{CFB84BEB-5902-4ACB-BFFC-6F2B48D5AE47}.Debug|Any CPU.ActiveCfg = Debug|Any CPU
		{CFB84BEB-5902-4ACB-BFFC-6F2B48D5AE47}.Debug|Any CPU.Build.0 = Debug|Any CPU
		{CFB84BEB-5902-4ACB-BFFC-6F2B48D5AE47}.Release|Any CPU.ActiveCfg = Release|Any CPU
		{CFB84BEB-5902-4ACB-BFFC-6F2B48D5AE47}.Release|Any CPU.Build.0 = Release|Any CPU
	EndGlobalSection
	GlobalSection(SolutionProperties) = preSolution
		HideSolutionNode = FALSE
	EndGlobalSection
	GlobalSection(ExtensibilityGlobals) = postSolution
		SolutionGuid = {44747D6F-A3E0-444D-8207-25A9C9F8832E}
	EndGlobalSection
EndGlobal
